
Microsoft Visual Studio Solution File, Format Version 12.00
# Visual Studio 15
Project("{FAE04EC0-301F-11D3-BF4B-00C04F79EFBC}") = "Rapid Prototype 2", "Rapid Prototype 2.csproj", "{ABB84FC5-015D-9266-347F-B2C496F78723}"
EndProject
Global
	GlobalSection(SolutionConfigurationPlatforms) = preSolution
		Debug|Any CPU = Debug|Any CPU
		Release|Any CPU = Release|Any CPU
	EndGlobalSection
	GlobalSection(ProjectConfigurationPlatforms) = postSolution
		{ABB84FC5-015D-9266-347F-B2C496F78723}.Debug|Any CPU.ActiveCfg = Debug|Any CPU
		{ABB84FC5-015D-9266-347F-B2C496F78723}.Debug|Any CPU.Build.0 = Debug|Any CPU
		{ABB84FC5-015D-9266-347F-B2C496F78723}.Release|Any CPU.ActiveCfg = Release|Any CPU
		{ABB84FC5-015D-9266-347F-B2C496F78723}.Release|Any CPU.Build.0 = Release|Any CPU
	EndGlobalSection
	GlobalSection(SolutionProperties) = preSolution
		HideSolutionNode = FALSE
	EndGlobalSection
EndGlobal
